schema: '2.0'
stages:
  data_cleaning:
    cmd: python src/data/data_cleaning.py
    deps:
    - path: data/raw/swiggy.csv
      hash: md5
      md5: 55bd6cc42f2360b5de9569cf9cbd8342
      size: 7726618
    - path: src/data/data_cleaning.py
      hash: md5
      md5: 2162dc1c881b68da95f5cdc132108c3b
      size: 9521
    outs:
    - path: data/cleaned/swiggy_cleaned.csv
      hash: md5
      md5: 4918716e52fc57babdcd400dfb3c3f29
      size: 4508527
  data_preparation:
    cmd: python src/data/data_preparation.py
    deps:
    - path: data/cleaned/swiggy_cleaned.csv
      hash: md5
      md5: 4918716e52fc57babdcd400dfb3c3f29
      size: 4508527
    - path: src/data/data_preparation.py
      hash: md5
      md5: 140bbc3cf2bf08d663555b7fa4f6a482
      size: 2915
    params:
      params.yaml:
        Data_Preparation.random_state: 2
        Data_Preparation.test_size: 0.25
    outs:
    - path: data/interim/test.csv
      hash: md5
      md5: 5d25712281169b6cdb388d3433167975
      size: 1126200
    - path: data/interim/train.csv
      hash: md5
      md5: aa06a255af8b1c12479cd295b14ecd96
      size: 3379369
  data_preprocessing:
    cmd: python src/features/data_preprocessing.py
    deps:
    - path: data/interim/test.csv
      hash: md5
      md5: 5d25712281169b6cdb388d3433167975
      size: 1126200
    - path: data/interim/train.csv
      hash: md5
      md5: aa06a255af8b1c12479cd295b14ecd96
      size: 3379369
    - path: src/features/data_preprocessing.py
      hash: md5
      md5: 3bf8b0711802e798b3c0622da3300aee
      size: 6760
    outs:
    - path: data/processed/test_trans.csv
      hash: md5
      md5: 58021785e38fa12a2c5a5e8445003118
      size: 1354890
    - path: data/processed/train_trans.csv
      hash: md5
      md5: 8a12ed216aaa91550950d6aff00d6425
      size: 4063843
    - path: models/preprocessor.joblib
      hash: md5
      md5: 3c9fedf4b6513bd9596ceec2b77ca0ed
      size: 7243
  train:
    cmd: python src/models/train.py
    deps:
    - path: data/processed/train_trans.csv
      hash: md5
      md5: 8a12ed216aaa91550950d6aff00d6425
      size: 4063843
    - path: src/models/train.py
      hash: md5
      md5: 7b58ff98727eeac3d4f78318ade236c5
      size: 4753
    params:
      params.yaml:
        Train.LightGBM:
          n_estimators: 54
          max_depth: 28
          learning_rate: 0.39843399662939105
          subsample: 0.8076706502855832
          min_child_weight: 20
          min_split_gain: 0.017006614993312772
          reg_lambda: 51.69604894600594
          n_jobs: -1
        Train.Random_Forest:
          n_estimators: 394
          criterion: squared_error
          max_depth: 30
          max_features: 1
          min_samples_split: 6
          min_samples_leaf: 7
          max_samples: 0.7828725860426314
          verbose: 1
          n_jobs: -1
    outs:
    - path: models/model.joblib
      hash: md5
      md5: 392f9e8954669efd2a2295877ccb16ed
      size: 55693928
    - path: models/power_transformer.joblib
      hash: md5
      md5: c4e3e13a3b13357a5ce90565430524d5
      size: 805
    - path: models/stacking_regressor.joblib
      hash: md5
      md5: 55c328fd2e4c77103117877464cdb0a3
      size: 55683706
  evaluation:
    cmd: python src/models/evaluation.py
    deps:
    - path: data/processed/test_trans.csv
      hash: md5
      md5: 58021785e38fa12a2c5a5e8445003118
      size: 1354890
    - path: data/processed/train_trans.csv
      hash: md5
      md5: 8a12ed216aaa91550950d6aff00d6425
      size: 4063843
    - path: models/model.joblib
      hash: md5
      md5: 392f9e8954669efd2a2295877ccb16ed
      size: 55693928
    - path: src/models/evaluation.py
      hash: md5
      md5: 00d47d153358d5d28e50a60cbceb59ef
      size: 6141
    outs:
    - path: run_information.json
      hash: md5
      md5: 9e8c994b2fe5002d37cce8f1b3b6ae61
      size: 284
  register_model:
    cmd: python src/models/register_model.py
    deps:
    - path: run_information.json
      hash: md5
      md5: 9e8c994b2fe5002d37cce8f1b3b6ae61
      size: 284
    - path: src/models/register_model.py
      hash: md5
      md5: 9092ff9ab44382158f47ab9ca8291aec
      size: 2220
